
Microsoft Visual Studio Solution File, Format Version 12.00
# Visual Studio 15
VisualStudioVersion = 15.0.28307.136
MinimumVisualStudioVersion = 10.0.40219.1
Project("{FAE04EC0-301F-11D3-BF4B-00C04F79EFBC}") = "RandomNameGenerator", "RandomNameGenerator\RandomNameGenerator.csproj", "{EC17036D-CD86-48D2-9CC4-2C3BC8FE65E7}"
EndProject
Global
	GlobalSection(SolutionConfigurationPlatforms) = preSolution
		Debug|Any CPU = Debug|Any CPU
		Release|Any CPU = Release|Any CPU
	EndGlobalSection
	GlobalSection(ProjectConfigurationPlatforms) = postSolution
		{EC17036D-CD86-48D2-9CC4-2C3BC8FE65E7}.Debug|Any CPU.ActiveCfg = Debug|Any CPU
		{EC17036D-CD86-48D2-9CC4-2C3BC8FE65E7}.Debug|Any CPU.Build.0 = Debug|Any CPU
		{EC17036D-CD86-48D2-9CC4-2C3BC8FE65E7}.Release|Any CPU.ActiveCfg = Release|Any CPU
		{EC17036D-CD86-48D2-9CC4-2C3BC8FE65E7}.Release|Any CPU.Build.0 = Release|Any CPU
	EndGlobalSection
	GlobalSection(SolutionProperties) = preSolution
		HideSolutionNode = FALSE
	EndGlobalSection
	GlobalSection(ExtensibilityGlobals) = postSolution
		SolutionGuid = {31BB8395-09D3-43AC-A5FB-26B80DBEB292}
	EndGlobalSection
EndGlobal
